// !$*UTF8*$!
{
	archiveVersion = 1;
	classes = {
	};
	objectVersion = 50;
	objects = {

/* Begin PBXBuildFile section */
		03615FA423E876FF00EBE24C /* main.cpp in Sources */ = {isa = PBXBuildFile; fileRef = 03615FA323E876FF00EBE24C /* main.cpp */; };
		03615FAD23E87B2500EBE24C /* OpenAL.framework in Frameworks */ = {isa = PBXBuildFile; fileRef = 03615FAC23E87B2500EBE24C /* OpenAL.framework */; };
		03615FB023EB1F8F00EBE24C /* Audiblizer.cpp in Sources */ = {isa = PBXBuildFile; fileRef = 03615FAF23EB1F8F00EBE24C /* Audiblizer.cpp */; };
		03615FB323EB673200EBE24C /* AudiblizerTestHarness.cpp in Sources */ = {isa = PBXBuildFile; fileRef = 03615FB223EB673200EBE24C /* AudiblizerTestHarness.cpp */; };
/* End PBXBuildFile section */

/* Begin PBXCopyFilesBuildPhase section */
		03615F9E23E876FF00EBE24C /* CopyFiles */ = {
			isa = PBXCopyFilesBuildPhase;
			buildActionMask = 2147483647;
			dstPath = /usr/share/man/man1/;
			dstSubfolderSpec = 0;
			files = (
			);
			runOnlyForDeploymentPostprocessing = 1;
		};
/* End PBXCopyFilesBuildPhase section */

/* Begin PBXFileReference section */
		03615FA023E876FF00EBE24C /* OpenALTest */ = {isa = PBXFileReference; explicitFileType = "compiled.mach-o.executable"; includeInIndex = 0; path = OpenALTest; sourceTree = BUILT_PRODUCTS_DIR; };
		03615FA323E876FF00EBE24C /* main.cpp */ = {isa = PBXFileReference; lastKnownFileType = sourcecode.cpp.cpp; path = main.cpp; sourceTree = "<group>"; };
		03615FAA23E8791900EBE24C /* Event.h */ = {isa = PBXFileReference; lastKnownFileType = sourcecode.c.h; path = Event.h; sourceTree = "<group>"; };
		03615FAC23E87B2500EBE24C /* OpenAL.framework */ = {isa = PBXFileReference; lastKnownFileType = wrapper.framework; name = OpenAL.framework; path = System/Library/Frameworks/OpenAL.framework; sourceTree = SDKROOT; };
		03615FAE23EB1F8100EBE24C /* Audiblizer.h */ = {isa = PBXFileReference; lastKnownFileType = sourcecode.c.h; path = Audiblizer.h; sourceTree = "<group>"; };
		03615FAF23EB1F8F00EBE24C /* Audiblizer.cpp */ = {isa = PBXFileReference; lastKnownFileType = sourcecode.cpp.cpp; path = Audiblizer.cpp; sourceTree = "<group>"; };
		03615FB123EB672300EBE24C /* AudiblizerTestHarness.h */ = {isa = PBXFileReference; lastKnownFileType = sourcecode.c.h; path = AudiblizerTestHarness.h; sourceTree = "<group>"; };
		03615FB223EB673200EBE24C /* AudiblizerTestHarness.cpp */ = {isa = PBXFileReference; lastKnownFileType = sourcecode.cpp.cpp; path = AudiblizerTestHarness.cpp; sourceTree = "<group>"; };
/* End PBXFileReference section */

/* Begin PBXFrameworksBuildPhase section */
		03615F9D23E876FF00EBE24C /* Frameworks */ = {
			isa = PBXFrameworksBuildPhase;
			buildActionMask = 2147483647;
			files = (
				03615FAD23E87B2500EBE24C /* OpenAL.framework in Frameworks */,
			);
			runOnlyForDeploymentPostprocessing = 0;
		};
/* End PBXFrameworksBuildPhase section */

/* Begin PBXGroup section */
		03615F9723E876FF00EBE24C = {
			isa = PBXGroup;
			children = (
				03615FA223E876FF00EBE24C /* OpenALTest */,
				03615FA123E876FF00EBE24C /* Products */,
				03615FAB23E87B2500EBE24C /* Frameworks */,
			);
			sourceTree = "<group>";
		};
		03615FA123E876FF00EBE24C /* Products */ = {
			isa = PBXGroup;
			children = (
				03615FA023E876FF00EBE24C /* OpenALTest */,
			);
			name = Products;
			sourceTree = "<group>";
		};
		03615FA223E876FF00EBE24C /* OpenALTest */ = {
			isa = PBXGroup;
			children = (
				03615FA323E876FF00EBE24C /* main.cpp */,
				03615FAA23E8791900EBE24C /* Event.h */,
				03615FAE23EB1F8100EBE24C /* Audiblizer.h */,
				03615FAF23EB1F8F00EBE24C /* Audiblizer.cpp */,
				03615FB123EB672300EBE24C /* AudiblizerTestHarness.h */,
				03615FB223EB673200EBE24C /* AudiblizerTestHarness.cpp */,
			);
			path = OpenALTest;
			sourceTree = "<group>";
		};
		03615FAB23E87B2500EBE24C /* Frameworks */ = {
			isa = PBXGroup;
			children = (
				03615FAC23E87B2500EBE24C /* OpenAL.framework */,
			);
			name = Frameworks;
			sourceTree = "<group>";
		};
/* End PBXGroup section */

/* Begin PBXNativeTarget section */
		03615F9F23E876FF00EBE24C /* OpenALTest */ = {
			isa = PBXNativeTarget;
			buildConfigurationList = 03615FA723E876FF00EBE24C /* Build configuration list for PBXNativeTarget "OpenALTest" */;
			buildPhases = (
				03615F9C23E876FF00EBE24C /* Sources */,
				03615F9D23E876FF00EBE24C /* Frameworks */,
				03615F9E23E876FF00EBE24C /* CopyFiles */,
			);
			buildRules = (
			);
			dependencies = (
			);
			name = OpenALTest;
			productName = OpenALTest;
			productReference = 03615FA023E876FF00EBE24C /* OpenALTest */;
			productType = "com.apple.product-type.tool";
		};
/* End PBXNativeTarget section */

/* Begin PBXProject section */
		03615F9823E876FF00EBE24C /* Project object */ = {
			isa = PBXProject;
			attributes = {
				LastUpgradeCheck = 1020;
				ORGANIZATIONNAME = JoshuaBodinet;
				TargetAttributes = {
					03615F9F23E876FF00EBE24C = {
						CreatedOnToolsVersion = 10.2;
					};
				};
			};
			buildConfigurationList = 03615F9B23E876FF00EBE24C /* Build configuration list for PBXProject "OpenALTest" */;
			compatibilityVersion = "Xcode 9.3";
			developmentRegion = en;
			hasScannedForEncodings = 0;
			knownRegions = (
				en,
			);
			mainGroup = 03615F9723E876FF00EBE24C;
			productRefGroup = 03615FA123E876FF00EBE24C /* Products */;
			projectDirPath = "";
			projectRoot = "";
			targets = (
				03615F9F23E876FF00EBE24C /* OpenALTest */,
			);
		};
/* End PBXProject section */

/* Begin PBXSourcesBuildPhase section */
		03615F9C23E876FF00EBE24C /* Sources */ = {
			isa = PBXSourcesBuildPhase;
			buildActionMask = 2147483647;
			files = (
				03615FB323EB673200EBE24C /* AudiblizerTestHarness.cpp in Sources */,
				03615FB023EB1F8F00EBE24C /* Audiblizer.cpp in Sources */,
				03615FA423E876FF00EBE24C /* main.cpp in Sources */,
			);
			runOnlyForDeploymentPostprocessing = 0;
		};
/* End PBXSourcesBuildPhase section */

/* Begin XCBuildConfiguration section */
		03615FA523E876FF00EBE24C /* Debug */ = {
			isa = XCBuildConfiguration;
			buildSettings = {
				ALWAYS_SEARCH_USER_PATHS = NO;
				CLANG_ANALYZER_NONNULL = YES;
				CLANG_ANALYZER_NUMBER_OBJECT_CONVERSION = YES_AGGRESSIVE;
				CLANG_CXX_LANGUAGE_STANDARD = "gnu++14";
				CLANG_CXX_LIBRARY = "libc++";
				CLANG_ENABLE_MODULES = YES;
				CLANG_ENABLE_OBJC_ARC = YES;
				CLANG_ENABLE_OBJC_WEAK = YES;
				CLANG_WARN_BLOCK_CAPTURE_AUTORELEASING = YES;
				CLANG_WARN_BOOL_CONVERSION = YES;
				CLANG_WARN_COMMA = YES;
				CLANG_WARN_CONSTANT_CONVERSION = YES;
				CLANG_WARN_DEPRECATED_OBJC_IMPLEMENTATIONS = YES;
				CLANG_WARN_DIRECT_OBJC_ISA_USAGE = YES_ERROR;
				CLANG_WARN_DOCUMENTATION_COMMENTS = YES;
				CLANG_WARN_EMPTY_BODY = YES;
				CLANG_WARN_ENUM_CONVERSION = YES;
				CLANG_WARN_INFINITE_RECURSION = YES;
				CLANG_WARN_INT_CONVERSION = YES;
				CLANG_WARN_NON_LITERAL_NULL_CONVERSION = YES;
				CLANG_WARN_OBJC_IMPLICIT_RETAIN_SELF = YES;
				CLANG_WARN_OBJC_LITERAL_CONVERSION = YES;
				CLANG_WARN_OBJC_ROOT_CLASS = YES_ERROR;
				CLANG_WARN_RANGE_LOOP_ANALYSIS = YES;
				CLANG_WARN_STRICT_PROTOTYPES = YES;
				CLANG_WARN_SUSPICIOUS_MOVE = YES;
				CLANG_WARN_UNGUARDED_AVAILABILITY = YES_AGGRESSIVE;
				CLANG_WARN_UNREACHABLE_CODE = YES;
				CLANG_WARN__DUPLICATE_METHOD_MATCH = YES;
				CODE_SIGN_IDENTITY = "Mac Developer";
				COPY_PHASE_STRIP = NO;
				DEBUG_INFORMATION_FORMAT = dwarf;
				ENABLE_STRICT_OBJC_MSGSEND = YES;
				ENABLE_TESTABILITY = YES;
				GCC_C_LANGUAGE_STANDARD = gnu11;
				GCC_DYNAMIC_NO_PIC = NO;
				GCC_NO_COMMON_BLOCKS = YES;
				GCC_OPTIMIZATION_LEVEL = 0;
				GCC_PREPROCESSOR_DEFINITIONS = (
					"DEBUG=1",
					"$(inherited)",
				);
				GCC_WARN_64_TO_32_BIT_CONVERSION = YES;
				GCC_WARN_ABOUT_RETURN_TYPE = YES_ERROR;
				GCC_WARN_UNDECLARED_SELECTOR = YES;
				GCC_WARN_UNINITIALIZED_AUTOS = YES_AGGRESSIVE;
				GCC_WARN_UNUSED_FUNCTION = YES;
				GCC_WARN_UNUSED_VARIABLE = YES;
				MACOSX_DEPLOYMENT_TARGET = 10.14;
				MTL_ENABLE_DEBUG_INFO = INCLUDE_SOURCE;
				MTL_FAST_MATH = YES;
				ONLY_ACTIVE_ARCH = YES;
				SDKROOT = macosx;
			};
			name = Debug;
		};
		03615FA623E876FF00EBE24C /* Release */ = {
			isa = XCBuildConfiguration;
			buildSettings = {
				ALWAYS_SEARCH_USER_PATHS = NO;
				CLANG_ANALYZER_NONNULL = YES;
				CLANG_ANALYZER_NUMBER_OBJECT_CONVERSION = YES_AGGRESSIVE;
				CLANG_CXX_LANGUAGE_STANDARD = "gnu++14";
				CLANG_CXX_LIBRARY = "libc++";
				CLANG_ENABLE_MODULES = YES;
				CLANG_ENABLE_OBJC_ARC = YES;
				CLANG_ENABLE_OBJC_WEAK = YES;
				CLANG_WARN_BLOCK_CAPTURE_AUTORELEASING = YES;
				CLANG_WARN_BOOL_CONVERSION = YES;
				CLANG_WARN_COMMA = YES;
				CLANG_WARN_CONSTANT_CONVERSION = YES;
				CLANG_WARN_DEPRECATED_OBJC_IMPLEMENTATIONS = YES;
				CLANG_WARN_DIRECT_OBJC_ISA_USAGE = YES_ERROR;
				CLANG_WARN_DOCUMENTATION_COMMENTS = YES;
				CLANG_WARN_EMPTY_BODY = YES;
				CLANG_WARN_ENUM_CONVERSION = YES;
				CLANG_WARN_INFINITE_RECURSION = YES;
				CLANG_WARN_INT_CONVERSION = YES;
				CLANG_WARN_NON_LITERAL_NULL_CONVERSION = YES;
				CLANG_WARN_OBJC_IMPLICIT_RETAIN_SELF = YES;
				CLANG_WARN_OBJC_LITERAL_CONVERSION = YES;
				CLANG_WARN_OBJC_ROOT_CLASS = YES_ERROR;
				CLANG_WARN_RANGE_LOOP_ANALYSIS = YES;
				CLANG_WARN_STRICT_PROTOTYPES = YES;
				CLANG_WARN_SUSPICIOUS_MOVE = YES;
				CLANG_WARN_UNGUARDED_AVAILABILITY = YES_AGGRESSIVE;
				CLANG_WARN_UNREACHABLE_CODE = YES;
				CLANG_WARN__DUPLICATE_METHOD_MATCH = YES;
				CODE_SIGN_IDENTITY = "Mac Developer";
				COPY_PHASE_STRIP = NO;
				DEBUG_INFORMATION_FORMAT = "dwarf-with-dsym";
				ENABLE_NS_ASSERTIONS = NO;
				ENABLE_STRICT_OBJC_MSGSEND = YES;
				GCC_C_LANGUAGE_STANDARD = gnu11;
				GCC_NO_COMMON_BLOCKS = YES;
				GCC_WARN_64_TO_32_BIT_CONVERSION = YES;
				GCC_WARN_ABOUT_RETURN_TYPE = YES_ERROR;
				GCC_WARN_UNDECLARED_SELECTOR = YES;
				GCC_WARN_UNINITIALIZED_AUTOS = YES_AGGRESSIVE;
				GCC_WARN_UNUSED_FUNCTION = YES;
				GCC_WARN_UNUSED_VARIABLE = YES;
				MACOSX_DEPLOYMENT_TARGET = 10.14;
				MTL_ENABLE_DEBUG_INFO = NO;
				MTL_FAST_MATH = YES;
				SDKROOT = macosx;
			};
			name = Release;
		};
		03615FA823E876FF00EBE24C /* Debug */ = {
			isa = XCBuildConfiguration;
			buildSettings = {
				CODE_SIGN_STYLE = Automatic;
				DEVELOPMENT_TEAM = 54L3473H5U;
				PRODUCT_NAME = "$(TARGET_NAME)";
			};
			name = Debug;
		};
		03615FA923E876FF00EBE24C /* Release */ = {
			isa = XCBuildConfiguration;
			buildSettings = {
				CODE_SIGN_STYLE = Automatic;
				DEVELOPMENT_TEAM = 54L3473H5U;
				PRODUCT_NAME = "$(TARGET_NAME)";
			};
			name = Release;
		};
/* End XCBuildConfiguration section */

/* Begin XCConfigurationList section */
		03615F9B23E876FF00EBE24C /* Build configuration list for PBXProject "OpenALTest" */ = {
			isa = XCConfigurationList;
			buildConfigurations = (
				03615FA523E876FF00EBE24C /* Debug */,
				03615FA623E876FF00EBE24C /* Release */,
			);
			defaultConfigurationIsVisible = 0;
			defaultConfigurationName = Release;
		};
		03615FA723E876FF00EBE24C /* Build configuration list for PBXNativeTarget "OpenALTest" */ = {
			isa = XCConfigurationList;
			buildConfigurations = (
				03615FA823E876FF00EBE24C /* Debug */,
				03615FA923E876FF00EBE24C /* Release */,
			);
			defaultConfigurationIsVisible = 0;
			defaultConfigurationName = Release;
		};
/* End XCConfigurationList section */
	};
	rootObject = 03615F9823E876FF00EBE24C /* Project object */;
}
